
Microsoft Visual Studio Solution File, Format Version 12.00
# Visual Studio Version 17
VisualStudioVersion = 17.9.34902.65
MinimumVisualStudioVersion = 10.0.40219.1
Project("{FAE04EC0-301F-11D3-BF4B-00C04F79EFBC}") = "chatBabysitter", "chatBabysitter.csproj", "{2905C5C5-F32E-41D2-873A-E31FF8F14954}"
EndProject
Global
	GlobalSection(SolutionConfigurationPlatforms) = preSolution
		Debug|Any CPU = Debug|Any CPU
		Release|Any CPU = Release|Any CPU
	EndGlobalSection
	GlobalSection(ProjectConfigurationPlatforms) = postSolution
		{2905C5C5-F32E-41D2-873A-E31FF8F14954}.Debug|Any CPU.ActiveCfg = Debug|Any CPU
		{2905C5C5-F32E-41D2-873A-E31FF8F14954}.Debug|Any CPU.Build.0 = Debug|Any CPU
		{2905C5C5-F32E-41D2-873A-E31FF8F14954}.Release|Any CPU.ActiveCfg = Release|Any CPU
		{2905C5C5-F32E-41D2-873A-E31FF8F14954}.Release|Any CPU.Build.0 = Release|Any CPU
	EndGlobalSection
	GlobalSection(SolutionProperties) = preSolution
		HideSolutionNode = FALSE
	EndGlobalSection
	GlobalSection(ExtensibilityGlobals) = postSolution
		SolutionGuid = {6CE69246-53F6-4405-B1D7-BD79FFF5284D}
	EndGlobalSection
EndGlobal
